{
	"requires": true,
	"lockfileVersion": 1,
	"dependencies": {
		"why-simple-module": {
			"version": "1.0.0",
			"resolved": "https://registry.npmjs.org/why-simple-module/-/why-simple-module-1.0.0.tgz",
			"integrity": "sha512-cdhtnoykPga7Y0CEmnxKeOmfns0qLCzp60dqxT5LCSyoHI4xBRfri1yXtwURQUWs6w4TwZA5+hCllsvV9gQ1RA=="
		}
	}
}
